
Microsoft Visual Studio Solution File, Format Version 12.00
# Visual Studio Version 17
VisualStudioVersion = 17.2.32630.192
MinimumVisualStudioVersion = 10.0.40219.1
Project("{9A19103F-16F7-4668-BE54-9A1E7A4F7556}") = "JewelryWorkshopWinFormsUI", "JewelryWorkshop\JewelryWorkshopWinFormsUI.csproj", "{553A8945-F43A-4D53-B544-CCBC801C6B8A}"
EndProject
Project("{9A19103F-16F7-4668-BE54-9A1E7A4F7556}") = "JewelryWorkshopLibrary", "JewelryWorkshopLibrary\JewelryWorkshopLibrary.csproj", "{FF18FAEB-10C1-4B99-A8A2-13A39CB9D1CA}"
EndProject
Global
	GlobalSection(SolutionConfigurationPlatforms) = preSolution
		Debug|Any CPU = Debug|Any CPU
		Release|Any CPU = Release|Any CPU
	EndGlobalSection
	GlobalSection(ProjectConfigurationPlatforms) = postSolution
		{553A8945-F43A-4D53-B544-CCBC801C6B8A}.Debug|Any CPU.ActiveCfg = Debug|Any CPU
		{553A8945-F43A-4D53-B544-CCBC801C6B8A}.Debug|Any CPU.Build.0 = Debug|Any CPU
		{553A8945-F43A-4D53-B544-CCBC801C6B8A}.Release|Any CPU.ActiveCfg = Release|Any CPU
		{553A8945-F43A-4D53-B544-CCBC801C6B8A}.Release|Any CPU.Build.0 = Release|Any CPU
		{FF18FAEB-10C1-4B99-A8A2-13A39CB9D1CA}.Debug|Any CPU.ActiveCfg = Debug|Any CPU
		{FF18FAEB-10C1-4B99-A8A2-13A39CB9D1CA}.Debug|Any CPU.Build.0 = Debug|Any CPU
		{FF18FAEB-10C1-4B99-A8A2-13A39CB9D1CA}.Release|Any CPU.ActiveCfg = Release|Any CPU
		{FF18FAEB-10C1-4B99-A8A2-13A39CB9D1CA}.Release|Any CPU.Build.0 = Release|Any CPU
	EndGlobalSection
	GlobalSection(SolutionProperties) = preSolution
		HideSolutionNode = FALSE
	EndGlobalSection
	GlobalSection(ExtensibilityGlobals) = postSolution
		SolutionGuid = {8BB7C48B-FDE9-4E40-A9F2-C3C2B5E42261}
	EndGlobalSection
EndGlobal
